
Microsoft Visual Studio Solution File, Format Version 12.00
Project("{FAE04EC0-301F-11D3-BF4B-00C04F79EFBC}") = "AvaloniaApplicationPracticeOne", "AvaloniaApplicationPracticeOne\AvaloniaApplicationPracticeOne.csproj", "{C8CD4BC5-5E72-479A-BE60-8B2A81C4E6B4}"
EndProject
Global
	GlobalSection(SolutionConfigurationPlatforms) = preSolution
		Debug|Any CPU = Debug|Any CPU
		Release|Any CPU = Release|Any CPU
	EndGlobalSection
	GlobalSection(ProjectConfigurationPlatforms) = postSolution
		{C8CD4BC5-5E72-479A-BE60-8B2A81C4E6B4}.Debug|Any CPU.ActiveCfg = Debug|Any CPU
		{C8CD4BC5-5E72-479A-BE60-8B2A81C4E6B4}.Debug|Any CPU.Build.0 = Debug|Any CPU
		{C8CD4BC5-5E72-479A-BE60-8B2A81C4E6B4}.Release|Any CPU.ActiveCfg = Release|Any CPU
		{C8CD4BC5-5E72-479A-BE60-8B2A81C4E6B4}.Release|Any CPU.Build.0 = Release|Any CPU
	EndGlobalSection
EndGlobal
